// !$*UTF8*$!
{
	archiveVersion = 1;
	classes = {
	};
	objectVersion = 50;
	objects = {

/* Begin PBXBuildFile section */
		68C9FD106867B8C452FC300B /* Pods_HeadsAndHandsTest.framework in Frameworks */ = {isa = PBXBuildFile; fileRef = 93DD7E2D86E2D299A00FC994 /* Pods_HeadsAndHandsTest.framework */; };
		EA0D2EAE21EEEE970038D2A6 /* AppDelegate.swift in Sources */ = {isa = PBXBuildFile; fileRef = EA0D2EAD21EEEE970038D2A6 /* AppDelegate.swift */; };
		EA0D2EB021EEEE970038D2A6 /* InitialViewController.swift in Sources */ = {isa = PBXBuildFile; fileRef = EA0D2EAF21EEEE970038D2A6 /* InitialViewController.swift */; };
		EA0D2EB321EEEE970038D2A6 /* Main.storyboard in Resources */ = {isa = PBXBuildFile; fileRef = EA0D2EB121EEEE970038D2A6 /* Main.storyboard */; };
		EA0D2EB521EEEE990038D2A6 /* Assets.xcassets in Resources */ = {isa = PBXBuildFile; fileRef = EA0D2EB421EEEE990038D2A6 /* Assets.xcassets */; };
		EA0D2EB821EEEE990038D2A6 /* LaunchScreen.storyboard in Resources */ = {isa = PBXBuildFile; fileRef = EA0D2EB621EEEE990038D2A6 /* LaunchScreen.storyboard */; };
		EA29E84221F1A0A900EA1BE9 /* BaseViewModel.swift in Sources */ = {isa = PBXBuildFile; fileRef = EA29E84121F1A0A900EA1BE9 /* BaseViewModel.swift */; };
		EA29E84421F1A19A00EA1BE9 /* StringExtensions+Validators.swift in Sources */ = {isa = PBXBuildFile; fileRef = EA29E84321F1A19A00EA1BE9 /* StringExtensions+Validators.swift */; };
		EAA79D5921F03FB900B1F460 /* InitialViewModel.swift in Sources */ = {isa = PBXBuildFile; fileRef = EAA79D5821F03FB900B1F460 /* InitialViewModel.swift */; };
		EAA79D5C21F0409600B1F460 /* UIViewExtensions+Radius.swift in Sources */ = {isa = PBXBuildFile; fileRef = EAA79D5B21F0409600B1F460 /* UIViewExtensions+Radius.swift */; };
		EAA79D6121F0421900B1F460 /* BaseViewController.swift in Sources */ = {isa = PBXBuildFile; fileRef = EAA79D6021F0421900B1F460 /* BaseViewController.swift */; };
		EAA79D6421F042CA00B1F460 /* LoginViewController.swift in Sources */ = {isa = PBXBuildFile; fileRef = EAA79D6321F042CA00B1F460 /* LoginViewController.swift */; };
		EAA79D6621F042EC00B1F460 /* LoginViewModel.swift in Sources */ = {isa = PBXBuildFile; fileRef = EAA79D6521F042EC00B1F460 /* LoginViewModel.swift */; };
		EAB20B0A21F19451000C33F3 /* UITextFieldExtensions+Underline.swift in Sources */ = {isa = PBXBuildFile; fileRef = EAB20B0921F19451000C33F3 /* UITextFieldExtensions+Underline.swift */; };
		EAB20B0C21F196A2000C33F3 /* UIColorExtensions.swift in Sources */ = {isa = PBXBuildFile; fileRef = EAB20B0B21F196A2000C33F3 /* UIColorExtensions.swift */; };
		EAB20B0E21F19751000C33F3 /* UITextFieldExtension+FloatingPlaceholder.swift in Sources */ = {isa = PBXBuildFile; fileRef = EAB20B0D21F19751000C33F3 /* UITextFieldExtension+FloatingPlaceholder.swift */; };
/* End PBXBuildFile section */

/* Begin PBXFileReference section */
		510862BB4518E2E5CD51679B /* Pods-HeadsAndHandsTest.debug.xcconfig */ = {isa = PBXFileReference; includeInIndex = 1; lastKnownFileType = text.xcconfig; name = "Pods-HeadsAndHandsTest.debug.xcconfig"; path = "Pods/Target Support Files/Pods-HeadsAndHandsTest/Pods-HeadsAndHandsTest.debug.xcconfig"; sourceTree = "<group>"; };
		93DD7E2D86E2D299A00FC994 /* Pods_HeadsAndHandsTest.framework */ = {isa = PBXFileReference; explicitFileType = wrapper.framework; includeInIndex = 0; path = Pods_HeadsAndHandsTest.framework; sourceTree = BUILT_PRODUCTS_DIR; };
		EA0D2EAA21EEEE970038D2A6 /* HeadsAndHandsTest.app */ = {isa = PBXFileReference; explicitFileType = wrapper.application; includeInIndex = 0; path = HeadsAndHandsTest.app; sourceTree = BUILT_PRODUCTS_DIR; };
		EA0D2EAD21EEEE970038D2A6 /* AppDelegate.swift */ = {isa = PBXFileReference; lastKnownFileType = sourcecode.swift; path = AppDelegate.swift; sourceTree = "<group>"; };
		EA0D2EAF21EEEE970038D2A6 /* InitialViewController.swift */ = {isa = PBXFileReference; lastKnownFileType = sourcecode.swift; path = InitialViewController.swift; sourceTree = "<group>"; };
		EA0D2EB221EEEE970038D2A6 /* Base */ = {isa = PBXFileReference; lastKnownFileType = file.storyboard; name = Base; path = Base.lproj/Main.storyboard; sourceTree = "<group>"; };
		EA0D2EB421EEEE990038D2A6 /* Assets.xcassets */ = {isa = PBXFileReference; lastKnownFileType = folder.assetcatalog; path = Assets.xcassets; sourceTree = "<group>"; };
		EA0D2EB721EEEE990038D2A6 /* Base */ = {isa = PBXFileReference; lastKnownFileType = file.storyboard; name = Base; path = Base.lproj/LaunchScreen.storyboard; sourceTree = "<group>"; };
		EA0D2EB921EEEE990038D2A6 /* Info.plist */ = {isa = PBXFileReference; lastKnownFileType = text.plist.xml; path = Info.plist; sourceTree = "<group>"; };
		EA29E84121F1A0A900EA1BE9 /* BaseViewModel.swift */ = {isa = PBXFileReference; lastKnownFileType = sourcecode.swift; path = BaseViewModel.swift; sourceTree = "<group>"; };
		EA29E84321F1A19A00EA1BE9 /* StringExtensions+Validators.swift */ = {isa = PBXFileReference; lastKnownFileType = sourcecode.swift; path = "StringExtensions+Validators.swift"; sourceTree = "<group>"; };
		EAA79D5821F03FB900B1F460 /* InitialViewModel.swift */ = {isa = PBXFileReference; lastKnownFileType = sourcecode.swift; path = InitialViewModel.swift; sourceTree = "<group>"; };
		EAA79D5B21F0409600B1F460 /* UIViewExtensions+Radius.swift */ = {isa = PBXFileReference; lastKnownFileType = sourcecode.swift; path = "UIViewExtensions+Radius.swift"; sourceTree = "<group>"; };
		EAA79D6021F0421900B1F460 /* BaseViewController.swift */ = {isa = PBXFileReference; lastKnownFileType = sourcecode.swift; path = BaseViewController.swift; sourceTree = "<group>"; };
		EAA79D6321F042CA00B1F460 /* LoginViewController.swift */ = {isa = PBXFileReference; lastKnownFileType = sourcecode.swift; path = LoginViewController.swift; sourceTree = "<group>"; };
		EAA79D6521F042EC00B1F460 /* LoginViewModel.swift */ = {isa = PBXFileReference; lastKnownFileType = sourcecode.swift; path = LoginViewModel.swift; sourceTree = "<group>"; };
		EAB20B0921F19451000C33F3 /* UITextFieldExtensions+Underline.swift */ = {isa = PBXFileReference; lastKnownFileType = sourcecode.swift; path = "UITextFieldExtensions+Underline.swift"; sourceTree = "<group>"; };
		EAB20B0B21F196A2000C33F3 /* UIColorExtensions.swift */ = {isa = PBXFileReference; lastKnownFileType = sourcecode.swift; path = UIColorExtensions.swift; sourceTree = "<group>"; };
		EAB20B0D21F19751000C33F3 /* UITextFieldExtension+FloatingPlaceholder.swift */ = {isa = PBXFileReference; lastKnownFileType = sourcecode.swift; path = "UITextFieldExtension+FloatingPlaceholder.swift"; sourceTree = "<group>"; };
		F64637F857391D358F37CC75 /* Pods-HeadsAndHandsTest.release.xcconfig */ = {isa = PBXFileReference; includeInIndex = 1; lastKnownFileType = text.xcconfig; name = "Pods-HeadsAndHandsTest.release.xcconfig"; path = "Pods/Target Support Files/Pods-HeadsAndHandsTest/Pods-HeadsAndHandsTest.release.xcconfig"; sourceTree = "<group>"; };
/* End PBXFileReference section */

/* Begin PBXFrameworksBuildPhase section */
		EA0D2EA721EEEE970038D2A6 /* Frameworks */ = {
			isa = PBXFrameworksBuildPhase;
			buildActionMask = 2147483647;
			files = (
				68C9FD106867B8C452FC300B /* Pods_HeadsAndHandsTest.framework in Frameworks */,
			);
			runOnlyForDeploymentPostprocessing = 0;
		};
/* End PBXFrameworksBuildPhase section */

/* Begin PBXGroup section */
		28C2EA24B2FFCD5724A33C34 /* Frameworks */ = {
			isa = PBXGroup;
			children = (
				93DD7E2D86E2D299A00FC994 /* Pods_HeadsAndHandsTest.framework */,
			);
			name = Frameworks;
			sourceTree = "<group>";
		};
		298357BB602F50CF3137353E /* Pods */ = {
			isa = PBXGroup;
			children = (
				510862BB4518E2E5CD51679B /* Pods-HeadsAndHandsTest.debug.xcconfig */,
				F64637F857391D358F37CC75 /* Pods-HeadsAndHandsTest.release.xcconfig */,
			);
			name = Pods;
			sourceTree = "<group>";
		};
		EA0D2EA121EEEE970038D2A6 = {
			isa = PBXGroup;
			children = (
				EA0D2EAC21EEEE970038D2A6 /* HeadsAndHandsTest */,
				EA0D2EAB21EEEE970038D2A6 /* Products */,
				298357BB602F50CF3137353E /* Pods */,
				28C2EA24B2FFCD5724A33C34 /* Frameworks */,
			);
			sourceTree = "<group>";
		};
		EA0D2EAB21EEEE970038D2A6 /* Products */ = {
			isa = PBXGroup;
			children = (
				EA0D2EAA21EEEE970038D2A6 /* HeadsAndHandsTest.app */,
			);
			name = Products;
			sourceTree = "<group>";
		};
		EA0D2EAC21EEEE970038D2A6 /* HeadsAndHandsTest */ = {
			isa = PBXGroup;
			children = (
				EA0D2EC021EEF2C80038D2A6 /* Resources */,
				EA0D2EC221EEF3150038D2A6 /* Scenes */,
				EAA79D5A21F0406600B1F460 /* Extensions */,
				EAA79D5E21F0419800B1F460 /* CustomComponents */,
				EA0D2EC121EEF2FD0038D2A6 /* Supporting Files */,
			);
			path = HeadsAndHandsTest;
			sourceTree = "<group>";
		};
		EA0D2EC021EEF2C80038D2A6 /* Resources */ = {
			isa = PBXGroup;
			children = (
				EA0D2EB121EEEE970038D2A6 /* Main.storyboard */,
				EA0D2EB621EEEE990038D2A6 /* LaunchScreen.storyboard */,
				EA0D2EB421EEEE990038D2A6 /* Assets.xcassets */,
			);
			path = Resources;
			sourceTree = "<group>";
		};
		EA0D2EC121EEF2FD0038D2A6 /* Supporting Files */ = {
			isa = PBXGroup;
			children = (
				EA0D2EAD21EEEE970038D2A6 /* AppDelegate.swift */,
				EA0D2EB921EEEE990038D2A6 /* Info.plist */,
			);
			path = "Supporting Files";
			sourceTree = "<group>";
		};
		EA0D2EC221EEF3150038D2A6 /* Scenes */ = {
			isa = PBXGroup;
			children = (
				EA0D2EC321EEF3550038D2A6 /* Initial */,
				EAA79D6221F042B700B1F460 /* Login */,
			);
			path = Scenes;
			sourceTree = "<group>";
		};
		EA0D2EC321EEF3550038D2A6 /* Initial */ = {
			isa = PBXGroup;
			children = (
				EAA79D5821F03FB900B1F460 /* InitialViewModel.swift */,
				EA0D2EAF21EEEE970038D2A6 /* InitialViewController.swift */,
			);
			path = Initial;
			sourceTree = "<group>";
		};
		EA29E84021F1A09B00EA1BE9 /* ViewModel */ = {
			isa = PBXGroup;
			children = (
				EA29E84121F1A0A900EA1BE9 /* BaseViewModel.swift */,
			);
			path = ViewModel;
			sourceTree = "<group>";
		};
		EAA79D5A21F0406600B1F460 /* Extensions */ = {
			isa = PBXGroup;
			children = (
				EAA79D5B21F0409600B1F460 /* UIViewExtensions+Radius.swift */,
				EAB20B0921F19451000C33F3 /* UITextFieldExtensions+Underline.swift */,
				EAB20B0D21F19751000C33F3 /* UITextFieldExtension+FloatingPlaceholder.swift */,
				EAB20B0B21F196A2000C33F3 /* UIColorExtensions.swift */,
				EA29E84321F1A19A00EA1BE9 /* StringExtensions+Validators.swift */,
			);
			path = Extensions;
			sourceTree = "<group>";
		};
		EAA79D5E21F0419800B1F460 /* CustomComponents */ = {
			isa = PBXGroup;
			children = (
				EA29E84021F1A09B00EA1BE9 /* ViewModel */,
				EAA79D5F21F041FA00B1F460 /* ViewController */,
			);
			path = CustomComponents;
			sourceTree = "<group>";
		};
		EAA79D5F21F041FA00B1F460 /* ViewController */ = {
			isa = PBXGroup;
			children = (
				EAA79D6021F0421900B1F460 /* BaseViewController.swift */,
			);
			path = ViewController;
			sourceTree = "<group>";
		};
		EAA79D6221F042B700B1F460 /* Login */ = {
			isa = PBXGroup;
			children = (
				EAA79D6521F042EC00B1F460 /* LoginViewModel.swift */,
				EAA79D6321F042CA00B1F460 /* LoginViewController.swift */,
			);
			path = Login;
			sourceTree = "<group>";
		};
/* End PBXGroup section */

/* Begin PBXNativeTarget section */
		EA0D2EA921EEEE970038D2A6 /* HeadsAndHandsTest */ = {
			isa = PBXNativeTarget;
			buildConfigurationList = EA0D2EBC21EEEE990038D2A6 /* Build configuration list for PBXNativeTarget "HeadsAndHandsTest" */;
			buildPhases = (
				F6DC214C95198A3E46674F5E /* [CP] Check Pods Manifest.lock */,
				EA0D2EA621EEEE970038D2A6 /* Sources */,
				EA0D2EA721EEEE970038D2A6 /* Frameworks */,
				EA0D2EA821EEEE970038D2A6 /* Resources */,
				7D8ED4F13D724C6FE97B8636 /* [CP] Embed Pods Frameworks */,
			);
			buildRules = (
			);
			dependencies = (
			);
			name = HeadsAndHandsTest;
			productName = HeadsAndHandsTest;
			productReference = EA0D2EAA21EEEE970038D2A6 /* HeadsAndHandsTest.app */;
			productType = "com.apple.product-type.application";
		};
/* End PBXNativeTarget section */

/* Begin PBXProject section */
		EA0D2EA221EEEE970038D2A6 /* Project object */ = {
			isa = PBXProject;
			attributes = {
				LastSwiftUpdateCheck = 1010;
				LastUpgradeCheck = 1010;
				ORGANIZATIONNAME = "Roman Sentsov";
				TargetAttributes = {
					EA0D2EA921EEEE970038D2A6 = {
						CreatedOnToolsVersion = 10.1;
					};
				};
			};
			buildConfigurationList = EA0D2EA521EEEE970038D2A6 /* Build configuration list for PBXProject "HeadsAndHandsTest" */;
			compatibilityVersion = "Xcode 9.3";
			developmentRegion = en;
			hasScannedForEncodings = 0;
			knownRegions = (
				en,
				Base,
			);
			mainGroup = EA0D2EA121EEEE970038D2A6;
			productRefGroup = EA0D2EAB21EEEE970038D2A6 /* Products */;
			projectDirPath = "";
			projectRoot = "";
			targets = (
				EA0D2EA921EEEE970038D2A6 /* HeadsAndHandsTest */,
			);
		};
/* End PBXProject section */

/* Begin PBXResourcesBuildPhase section */
		EA0D2EA821EEEE970038D2A6 /* Resources */ = {
			isa = PBXResourcesBuildPhase;
			buildActionMask = 2147483647;
			files = (
				EA0D2EB821EEEE990038D2A6 /* LaunchScreen.storyboard in Resources */,
				EA0D2EB521EEEE990038D2A6 /* Assets.xcassets in Resources */,
				EA0D2EB321EEEE970038D2A6 /* Main.storyboard in Resources */,
			);
			runOnlyForDeploymentPostprocessing = 0;
		};
/* End PBXResourcesBuildPhase section */

/* Begin PBXShellScriptBuildPhase section */
		7D8ED4F13D724C6FE97B8636 /* [CP] Embed Pods Frameworks */ = {
			isa = PBXShellScriptBuildPhase;
			buildActionMask = 2147483647;
			files = (
			);
			inputFileListPaths = (
			);
			inputPaths = (
				"${SRCROOT}/Pods/Target Support Files/Pods-HeadsAndHandsTest/Pods-HeadsAndHandsTest-frameworks.sh",
				"${BUILT_PRODUCTS_DIR}/Alamofire/Alamofire.framework",
				"${BUILT_PRODUCTS_DIR}/RxAtomic/RxAtomic.framework",
				"${BUILT_PRODUCTS_DIR}/RxSwift/RxSwift.framework",
			);
			name = "[CP] Embed Pods Frameworks";
			outputFileListPaths = (
			);
			outputPaths = (
				"${TARGET_BUILD_DIR}/${FRAMEWORKS_FOLDER_PATH}/Alamofire.framework",
				"${TARGET_BUILD_DIR}/${FRAMEWORKS_FOLDER_PATH}/RxAtomic.framework",
				"${TARGET_BUILD_DIR}/${FRAMEWORKS_FOLDER_PATH}/RxSwift.framework",
			);
			runOnlyForDeploymentPostprocessing = 0;
			shellPath = /bin/sh;
			shellScript = "\"${SRCROOT}/Pods/Target Support Files/Pods-HeadsAndHandsTest/Pods-HeadsAndHandsTest-frameworks.sh\"\n";
			showEnvVarsInLog = 0;
		};
		F6DC214C95198A3E46674F5E /* [CP] Check Pods Manifest.lock */ = {
			isa = PBXShellScriptBuildPhase;
			buildActionMask = 2147483647;
			files = (
			);
			inputFileListPaths = (
			);
			inputPaths = (
				"${PODS_PODFILE_DIR_PATH}/Podfile.lock",
				"${PODS_ROOT}/Manifest.lock",
			);
			name = "[CP] Check Pods Manifest.lock";
			outputFileListPaths = (
			);
			outputPaths = (
				"$(DERIVED_FILE_DIR)/Pods-HeadsAndHandsTest-checkManifestLockResult.txt",
			);
			runOnlyForDeploymentPostprocessing = 0;
			shellPath = /bin/sh;
			shellScript = "diff \"${PODS_PODFILE_DIR_PATH}/Podfile.lock\" \"${PODS_ROOT}/Manifest.lock\" > /dev/null\nif [ $? != 0 ] ; then\n    # print error to STDERR\n    echo \"error: The sandbox is not in sync with the Podfile.lock. Run 'pod install' or update your CocoaPods installation.\" >&2\n    exit 1\nfi\n# This output is used by Xcode 'outputs' to avoid re-running this script phase.\necho \"SUCCESS\" > \"${SCRIPT_OUTPUT_FILE_0}\"\n";
			showEnvVarsInLog = 0;
		};
/* End PBXShellScriptBuildPhase section */

/* Begin PBXSourcesBuildPhase section */
		EA0D2EA621EEEE970038D2A6 /* Sources */ = {
			isa = PBXSourcesBuildPhase;
			buildActionMask = 2147483647;
			files = (
				EAB20B0C21F196A2000C33F3 /* UIColorExtensions.swift in Sources */,
				EA29E84221F1A0A900EA1BE9 /* BaseViewModel.swift in Sources */,
				EAB20B0A21F19451000C33F3 /* UITextFieldExtensions+Underline.swift in Sources */,
				EAA79D6421F042CA00B1F460 /* LoginViewController.swift in Sources */,
				EAA79D6121F0421900B1F460 /* BaseViewController.swift in Sources */,
				EAA79D5C21F0409600B1F460 /* UIViewExtensions+Radius.swift in Sources */,
				EA0D2EB021EEEE970038D2A6 /* InitialViewController.swift in Sources */,
				EA0D2EAE21EEEE970038D2A6 /* AppDelegate.swift in Sources */,
				EAB20B0E21F19751000C33F3 /* UITextFieldExtension+FloatingPlaceholder.swift in Sources */,
				EA29E84421F1A19A00EA1BE9 /* StringExtensions+Validators.swift in Sources */,
				EAA79D5921F03FB900B1F460 /* InitialViewModel.swift in Sources */,
				EAA79D6621F042EC00B1F460 /* LoginViewModel.swift in Sources */,
			);
			runOnlyForDeploymentPostprocessing = 0;
		};
/* End PBXSourcesBuildPhase section */

/* Begin PBXVariantGroup section */
		EA0D2EB121EEEE970038D2A6 /* Main.storyboard */ = {
			isa = PBXVariantGroup;
			children = (
				EA0D2EB221EEEE970038D2A6 /* Base */,
			);
			name = Main.storyboard;
			sourceTree = "<group>";
		};
		EA0D2EB621EEEE990038D2A6 /* LaunchScreen.storyboard */ = {
			isa = PBXVariantGroup;
			children = (
				EA0D2EB721EEEE990038D2A6 /* Base */,
			);
			name = LaunchScreen.storyboard;
			sourceTree = "<group>";
		};
/* End PBXVariantGroup section */

/* Begin XCBuildConfiguration section */
		EA0D2EBA21EEEE990038D2A6 /* Debug */ = {
			isa = XCBuildConfiguration;
			buildSettings = {
				ALWAYS_SEARCH_USER_PATHS = NO;
				CLANG_ANALYZER_NONNULL = YES;
				CLANG_ANALYZER_NUMBER_OBJECT_CONVERSION = YES_AGGRESSIVE;
				CLANG_CXX_LANGUAGE_STANDARD = "gnu++14";
				CLANG_CXX_LIBRARY = "libc++";
				CLANG_ENABLE_MODULES = YES;
				CLANG_ENABLE_OBJC_ARC = YES;
				CLANG_ENABLE_OBJC_WEAK = YES;
				CLANG_WARN_BLOCK_CAPTURE_AUTORELEASING = YES;
				CLANG_WARN_BOOL_CONVERSION = YES;
				CLANG_WARN_COMMA = YES;
				CLANG_WARN_CONSTANT_CONVERSION = YES;
				CLANG_WARN_DEPRECATED_OBJC_IMPLEMENTATIONS = YES;
				CLANG_WARN_DIRECT_OBJC_ISA_USAGE = YES_ERROR;
				CLANG_WARN_DOCUMENTATION_COMMENTS = YES;
				CLANG_WARN_EMPTY_BODY = YES;
				CLANG_WARN_ENUM_CONVERSION = YES;
				CLANG_WARN_INFINITE_RECURSION = YES;
				CLANG_WARN_INT_CONVERSION = YES;
				CLANG_WARN_NON_LITERAL_NULL_CONVERSION = YES;
				CLANG_WARN_OBJC_IMPLICIT_RETAIN_SELF = YES;
				CLANG_WARN_OBJC_LITERAL_CONVERSION = YES;
				CLANG_WARN_OBJC_ROOT_CLASS = YES_ERROR;
				CLANG_WARN_RANGE_LOOP_ANALYSIS = YES;
				CLANG_WARN_STRICT_PROTOTYPES = YES;
				CLANG_WARN_SUSPICIOUS_MOVE = YES;
				CLANG_WARN_UNGUARDED_AVAILABILITY = YES_AGGRESSIVE;
				CLANG_WARN_UNREACHABLE_CODE = YES;
				CLANG_WARN__DUPLICATE_METHOD_MATCH = YES;
				CODE_SIGN_IDENTITY = "iPhone Developer";
				COPY_PHASE_STRIP = NO;
				DEBUG_INFORMATION_FORMAT = dwarf;
				ENABLE_STRICT_OBJC_MSGSEND = YES;
				ENABLE_TESTABILITY = YES;
				GCC_C_LANGUAGE_STANDARD = gnu11;
				GCC_DYNAMIC_NO_PIC = NO;
				GCC_NO_COMMON_BLOCKS = YES;
				GCC_OPTIMIZATION_LEVEL = 0;
				GCC_PREPROCESSOR_DEFINITIONS = (
					"DEBUG=1",
					"$(inherited)",
				);
				GCC_WARN_64_TO_32_BIT_CONVERSION = YES;
				GCC_WARN_ABOUT_RETURN_TYPE = YES_ERROR;
				GCC_WARN_UNDECLARED_SELECTOR = YES;
				GCC_WARN_UNINITIALIZED_AUTOS = YES_AGGRESSIVE;
				GCC_WARN_UNUSED_FUNCTION = YES;
				GCC_WARN_UNUSED_VARIABLE = YES;
				IPHONEOS_DEPLOYMENT_TARGET = 12.1;
				MTL_ENABLE_DEBUG_INFO = INCLUDE_SOURCE;
				MTL_FAST_MATH = YES;
				ONLY_ACTIVE_ARCH = YES;
				SDKROOT = iphoneos;
				SWIFT_ACTIVE_COMPILATION_CONDITIONS = DEBUG;
				SWIFT_OPTIMIZATION_LEVEL = "-Onone";
			};
			name = Debug;
		};
		EA0D2EBB21EEEE990038D2A6 /* Release */ = {
			isa = XCBuildConfiguration;
			buildSettings = {
				ALWAYS_SEARCH_USER_PATHS = NO;
				CLANG_ANALYZER_NONNULL = YES;
				CLANG_ANALYZER_NUMBER_OBJECT_CONVERSION = YES_AGGRESSIVE;
				CLANG_CXX_LANGUAGE_STANDARD = "gnu++14";
				CLANG_CXX_LIBRARY = "libc++";
				CLANG_ENABLE_MODULES = YES;
				CLANG_ENABLE_OBJC_ARC = YES;
				CLANG_ENABLE_OBJC_WEAK = YES;
				CLANG_WARN_BLOCK_CAPTURE_AUTORELEASING = YES;
				CLANG_WARN_BOOL_CONVERSION = YES;
				CLANG_WARN_COMMA = YES;
				CLANG_WARN_CONSTANT_CONVERSION = YES;
				CLANG_WARN_DEPRECATED_OBJC_IMPLEMENTATIONS = YES;
				CLANG_WARN_DIRECT_OBJC_ISA_USAGE = YES_ERROR;
				CLANG_WARN_DOCUMENTATION_COMMENTS = YES;
				CLANG_WARN_EMPTY_BODY = YES;
				CLANG_WARN_ENUM_CONVERSION = YES;
				CLANG_WARN_INFINITE_RECURSION = YES;
				CLANG_WARN_INT_CONVERSION = YES;
				CLANG_WARN_NON_LITERAL_NULL_CONVERSION = YES;
				CLANG_WARN_OBJC_IMPLICIT_RETAIN_SELF = YES;
				CLANG_WARN_OBJC_LITERAL_CONVERSION = YES;
				CLANG_WARN_OBJC_ROOT_CLASS = YES_ERROR;
				CLANG_WARN_RANGE_LOOP_ANALYSIS = YES;
				CLANG_WARN_STRICT_PROTOTYPES = YES;
				CLANG_WARN_SUSPICIOUS_MOVE = YES;
				CLANG_WARN_UNGUARDED_AVAILABILITY = YES_AGGRESSIVE;
				CLANG_WARN_UNREACHABLE_CODE = YES;
				CLANG_WARN__DUPLICATE_METHOD_MATCH = YES;
				CODE_SIGN_IDENTITY = "iPhone Developer";
				COPY_PHASE_STRIP = NO;
				DEBUG_INFORMATION_FORMAT = "dwarf-with-dsym";
				ENABLE_NS_ASSERTIONS = NO;
				ENABLE_STRICT_OBJC_MSGSEND = YES;
				GCC_C_LANGUAGE_STANDARD = gnu11;
				GCC_NO_COMMON_BLOCKS = YES;
				GCC_WARN_64_TO_32_BIT_CONVERSION = YES;
				GCC_WARN_ABOUT_RETURN_TYPE = YES_ERROR;
				GCC_WARN_UNDECLARED_SELECTOR = YES;
				GCC_WARN_UNINITIALIZED_AUTOS = YES_AGGRESSIVE;
				GCC_WARN_UNUSED_FUNCTION = YES;
				GCC_WARN_UNUSED_VARIABLE = YES;
				IPHONEOS_DEPLOYMENT_TARGET = 12.1;
				MTL_ENABLE_DEBUG_INFO = NO;
				MTL_FAST_MATH = YES;
				SDKROOT = iphoneos;
				SWIFT_COMPILATION_MODE = wholemodule;
				SWIFT_OPTIMIZATION_LEVEL = "-O";
				VALIDATE_PRODUCT = YES;
			};
			name = Release;
		};
		EA0D2EBD21EEEE990038D2A6 /* Debug */ = {
			isa = XCBuildConfiguration;
			baseConfigurationReference = 510862BB4518E2E5CD51679B /* Pods-HeadsAndHandsTest.debug.xcconfig */;
			buildSettings = {
				ASSETCATALOG_COMPILER_APPICON_NAME = AppIcon;
				CODE_SIGN_STYLE = Automatic;
				DEVELOPMENT_TEAM = 5XPG2C6E9V;
				INFOPLIST_FILE = "HeadsAndHandsTest/Supporting Files/Info.plist";
				IPHONEOS_DEPLOYMENT_TARGET = 10.0;
				LD_RUNPATH_SEARCH_PATHS = (
					"$(inherited)",
					"@executable_path/Frameworks",
				);
				PRODUCT_BUNDLE_IDENTIFIER = com.zyoma.HeadsAndHandsTest;
				PRODUCT_NAME = "$(TARGET_NAME)";
				SWIFT_VERSION = 4.2;
				TARGETED_DEVICE_FAMILY = "1,2";
			};
			name = Debug;
		};
		EA0D2EBE21EEEE990038D2A6 /* Release */ = {
			isa = XCBuildConfiguration;
			baseConfigurationReference = F64637F857391D358F37CC75 /* Pods-HeadsAndHandsTest.release.xcconfig */;
			buildSettings = {
				ASSETCATALOG_COMPILER_APPICON_NAME = AppIcon;
				CODE_SIGN_STYLE = Automatic;
				DEVELOPMENT_TEAM = 5XPG2C6E9V;
				INFOPLIST_FILE = "HeadsAndHandsTest/Supporting Files/Info.plist";
				IPHONEOS_DEPLOYMENT_TARGET = 10.0;
				LD_RUNPATH_SEARCH_PATHS = (
					"$(inherited)",
					"@executable_path/Frameworks",
				);
				PRODUCT_BUNDLE_IDENTIFIER = com.zyoma.HeadsAndHandsTest;
				PRODUCT_NAME = "$(TARGET_NAME)";
				SWIFT_VERSION = 4.2;
				TARGETED_DEVICE_FAMILY = "1,2";
			};
			name = Release;
		};
/* End XCBuildConfiguration section */

/* Begin XCConfigurationList section */
		EA0D2EA521EEEE970038D2A6 /* Build configuration list for PBXProject "HeadsAndHandsTest" */ = {
			isa = XCConfigurationList;
			buildConfigurations = (
				EA0D2EBA21EEEE990038D2A6 /* Debug */,
				EA0D2EBB21EEEE990038D2A6 /* Release */,
			);
			defaultConfigurationIsVisible = 0;
			defaultConfigurationName = Release;
		};
		EA0D2EBC21EEEE990038D2A6 /* Build configuration list for PBXNativeTarget "HeadsAndHandsTest" */ = {
			isa = XCConfigurationList;
			buildConfigurations = (
				EA0D2EBD21EEEE990038D2A6 /* Debug */,
				EA0D2EBE21EEEE990038D2A6 /* Release */,
			);
			defaultConfigurationIsVisible = 0;
			defaultConfigurationName = Release;
		};
/* End XCConfigurationList section */
	};
	rootObject = EA0D2EA221EEEE970038D2A6 /* Project object */;
}
